
Microsoft Visual Studio Solution File, Format Version 12.00
# Visual Studio Version 16
VisualStudioVersion = 16.0.30804.86
MinimumVisualStudioVersion = 10.0.40219.1
Project("{FAE04EC0-301F-11D3-BF4B-00C04F79EFBC}") = "Paper_stone_scissors", "Paper_stone_scissors.csproj", "{30D51583-1A82-4543-8293-C83D9209882D}"
EndProject
Global
	GlobalSection(SolutionConfigurationPlatforms) = preSolution
		Debug|Any CPU = Debug|Any CPU
		Release|Any CPU = Release|Any CPU
	EndGlobalSection
	GlobalSection(ProjectConfigurationPlatforms) = postSolution
		{30D51583-1A82-4543-8293-C83D9209882D}.Debug|Any CPU.ActiveCfg = Debug|Any CPU
		{30D51583-1A82-4543-8293-C83D9209882D}.Debug|Any CPU.Build.0 = Debug|Any CPU
		{30D51583-1A82-4543-8293-C83D9209882D}.Release|Any CPU.ActiveCfg = Release|Any CPU
		{30D51583-1A82-4543-8293-C83D9209882D}.Release|Any CPU.Build.0 = Release|Any CPU
	EndGlobalSection
	GlobalSection(SolutionProperties) = preSolution
		HideSolutionNode = FALSE
	EndGlobalSection
	GlobalSection(ExtensibilityGlobals) = postSolution
		SolutionGuid = {390DB374-B59A-42D0-A4B3-F60FD2A9BF55}
	EndGlobalSection
EndGlobal
